
Microsoft Visual Studio Solution File, Format Version 12.00
# Visual Studio Version 17
VisualStudioVersion = 17.13.35828.75 d17.13
MinimumVisualStudioVersion = 10.0.40219.1
Project("{FAE04EC0-301F-11D3-BF4B-00C04F79EFBC}") = "APIAureDevOpsPipeline", "APIAureDevOpsPipeline\APIAureDevOpsPipeline.csproj", "{80828FC9-8BA6-453A-BFF5-3F528AA8897A}"
EndProject
Global
	GlobalSection(SolutionConfigurationPlatforms) = preSolution
		Debug|Any CPU = Debug|Any CPU
		Release|Any CPU = Release|Any CPU
	EndGlobalSection
	GlobalSection(ProjectConfigurationPlatforms) = postSolution
		{80828FC9-8BA6-453A-BFF5-3F528AA8897A}.Debug|Any CPU.ActiveCfg = Debug|Any CPU
		{80828FC9-8BA6-453A-BFF5-3F528AA8897A}.Debug|Any CPU.Build.0 = Debug|Any CPU
		{80828FC9-8BA6-453A-BFF5-3F528AA8897A}.Release|Any CPU.ActiveCfg = Release|Any CPU
		{80828FC9-8BA6-453A-BFF5-3F528AA8897A}.Release|Any CPU.Build.0 = Release|Any CPU
	EndGlobalSection
	GlobalSection(SolutionProperties) = preSolution
		HideSolutionNode = FALSE
	EndGlobalSection
	GlobalSection(ExtensibilityGlobals) = postSolution
		SolutionGuid = {48DA2295-2126-4925-83AB-C1C149700CC6}
	EndGlobalSection
EndGlobal
